
Microsoft Visual Studio Solution File, Format Version 12.00
# Visual Studio Version 16
VisualStudioVersion = 16.0.31205.134
MinimumVisualStudioVersion = 10.0.40219.1
Project("{FAE04EC0-301F-11D3-BF4B-00C04F79EFBC}") = "bai1_thuchanh", "bai1_thuchanh\bai1_thuchanh.csproj", "{3A72B92F-8661-4DEA-8EE2-CA7C850A6569}"
EndProject
Project("{FAE04EC0-301F-11D3-BF4B-00C04F79EFBC}") = "bai2_thuchanh", "bai2_thuchanh\bai2_thuchanh.csproj", "{CC80432F-0C6A-4F17-9EA5-E38FEDA4FA83}"
EndProject
Project("{FAE04EC0-301F-11D3-BF4B-00C04F79EFBC}") = "bai3_thuchanh", "bai3_thuchanh\bai3_thuchanh.csproj", "{EA952C71-6191-4A5B-999D-E6BBDB0C87A4}"
EndProject
Project("{FAE04EC0-301F-11D3-BF4B-00C04F79EFBC}") = "bai4_thuchanh", "bai4_thuchanh\bai4_thuchanh.csproj", "{B04BBE30-4FA3-44C5-BFFA-6CC598869B4E}"
EndProject
Global
	GlobalSection(SolutionConfigurationPlatforms) = preSolution
		Debug|Any CPU = Debug|Any CPU
		Release|Any CPU = Release|Any CPU
	EndGlobalSection
	GlobalSection(ProjectConfigurationPlatforms) = postSolution
		{3A72B92F-8661-4DEA-8EE2-CA7C850A6569}.Debug|Any CPU.ActiveCfg = Debug|Any CPU
		{3A72B92F-8661-4DEA-8EE2-CA7C850A6569}.Debug|Any CPU.Build.0 = Debug|Any CPU
		{3A72B92F-8661-4DEA-8EE2-CA7C850A6569}.Release|Any CPU.ActiveCfg = Release|Any CPU
		{3A72B92F-8661-4DEA-8EE2-CA7C850A6569}.Release|Any CPU.Build.0 = Release|Any CPU
		{CC80432F-0C6A-4F17-9EA5-E38FEDA4FA83}.Debug|Any CPU.ActiveCfg = Debug|Any CPU
		{CC80432F-0C6A-4F17-9EA5-E38FEDA4FA83}.Debug|Any CPU.Build.0 = Debug|Any CPU
		{CC80432F-0C6A-4F17-9EA5-E38FEDA4FA83}.Release|Any CPU.ActiveCfg = Release|Any CPU
		{CC80432F-0C6A-4F17-9EA5-E38FEDA4FA83}.Release|Any CPU.Build.0 = Release|Any CPU
		{EA952C71-6191-4A5B-999D-E6BBDB0C87A4}.Debug|Any CPU.ActiveCfg = Debug|Any CPU
		{EA952C71-6191-4A5B-999D-E6BBDB0C87A4}.Debug|Any CPU.Build.0 = Debug|Any CPU
		{EA952C71-6191-4A5B-999D-E6BBDB0C87A4}.Release|Any CPU.ActiveCfg = Release|Any CPU
		{EA952C71-6191-4A5B-999D-E6BBDB0C87A4}.Release|Any CPU.Build.0 = Release|Any CPU
		{B04BBE30-4FA3-44C5-BFFA-6CC598869B4E}.Debug|Any CPU.ActiveCfg = Debug|Any CPU
		{B04BBE30-4FA3-44C5-BFFA-6CC598869B4E}.Debug|Any CPU.Build.0 = Debug|Any CPU
		{B04BBE30-4FA3-44C5-BFFA-6CC598869B4E}.Release|Any CPU.ActiveCfg = Release|Any CPU
		{B04BBE30-4FA3-44C5-BFFA-6CC598869B4E}.Release|Any CPU.Build.0 = Release|Any CPU
	EndGlobalSection
	GlobalSection(SolutionProperties) = preSolution
		HideSolutionNode = FALSE
	EndGlobalSection
	GlobalSection(ExtensibilityGlobals) = postSolution
		SolutionGuid = {ECDCC37D-4038-430B-8A5F-FF6A633B337E}
	EndGlobalSection
EndGlobal
